PODS:
  - Alamofire (4.4.0)
  - AlamofireImage (3.2.0):
    - Alamofire (~> 4.1)
  - AppFriendsCore (2.1.0):
    - Alamofire (~> 4.4.0)
    - Cloudinary (~> 1.0.15)
    - CoreStore (~> 4.0)
    - JWT (~> 2.2.0)
    - Socket.IO-Client-Swift (~> 8.3.0)
  - AppFriendsFloatingWidget (1.0.5):
    - AppFriendsCore (~> 2.0)
    - AppFriendsUI (~> 2.1)
    - RSKImageCropper (~> 1.6.1)
  - AppFriendsUI (2.2.0):
    - AlamofireImage (~> 3.1)
    - AppFriendsCore
    - JGProgressHUD (~> 1.4)
    - SlackTextViewController (~> 1.9.5)
  - Base64 (1.1.2)
  - Cloudinary (1.0.15)
  - CLTokenInputView (2.3.0)
  - CoreStore (4.1.1)
  - Crashlytics (3.8.6):
    - Fabric (~> 1.6.3)
  - EZSwiftExtensions (1.11)
  - Fabric (1.6.13)
  - Firebase/Core (4.1.1):
    - FirebaseAnalytics (= 4.0.3)
    - FirebaseCore (= 4.0.6)
  - Firebase/Messaging (4.1.1):
    - Firebase/Core
    - FirebaseMessaging (= 2.0.2)
  - FirebaseAnalytics (4.0.3):
    - FirebaseCore (~> 4.0)
    - FirebaseInstanceID (~> 2.0)
    - GoogleToolboxForMac/NSData+zlib (~> 2.1)
    - nanopb (~> 0.3)
  - FirebaseCore (4.0.6):
    - GoogleToolboxForMac/NSData+zlib (~> 2.1)
    - nanopb (~> 0.3)
  - FirebaseInstanceID (2.0.2):
    - FirebaseCore (~> 4.0)
  - FirebaseMessaging (2.0.2):
    - FirebaseAnalytics (~> 4.0)
    - FirebaseCore (~> 4.0)
    - FirebaseInstanceID (~> 2.0)
    - GoogleToolboxForMac/Logger (~> 2.1)
    - Protobuf (~> 3.1)
  - GoogleToolboxForMac/Defines (2.1.1)
  - GoogleToolboxForMac/Logger (2.1.1):
    - GoogleToolboxForMac/Defines (= 2.1.1)
  - GoogleToolboxForMac/NSData+zlib (2.1.1):
    - GoogleToolboxForMac/Defines (= 2.1.1)
  - JGProgressHUD (1.4)
  - JWT (2.2.0):
    - Base64 (~> 1.1.2)
  - nanopb (0.3.8):
    - nanopb/decode (= 0.3.8)
    - nanopb/encode (= 0.3.8)
  - nanopb/decode (0.3.8)
  - nanopb/encode (0.3.8)
  - Protobuf (3.4.0)
  - RSKImageCropper (1.6.3)
  - SlackTextViewController (1.9.5)
  - Socket.IO-Client-Swift (8.3.3)

DEPENDENCIES:
  - AppFriendsCore (from `https://github.com/Hacknocraft/AppFriendsCore.git`, branch `swift3_2`)
  - AppFriendsFloatingWidget (~> 1.0.5)
  - AppFriendsUI (from `https://github.com/Hacknocraft/AppFriendsUI.git`, branch `swift3_2`)
  - CLTokenInputView
  - CoreStore (from `https://github.com/JohnEstropia/CoreStore.git`, branch `prototype/Swift_3_2`)
  - Crashlytics
  - EZSwiftExtensions (~> 1.8)
  - Fabric
  - Firebase/Core
  - Firebase/Messaging
  - SlackTextViewController (from `https://github.com/Hacknocraft/SlackTextViewController.git`, branch `master`)

EXTERNAL SOURCES:
  AppFriendsCore:
    :branch: swift3_2
    :git: https://github.com/Hacknocraft/AppFriendsCore.git
  AppFriendsUI:
    :branch: swift3_2
    :git: https://github.com/Hacknocraft/AppFriendsUI.git
  CoreStore:
    :branch: prototype/Swift_3_2
    :git: https://github.com/JohnEstropia/CoreStore.git
  SlackTextViewController:
    :branch: master
    :git: https://github.com/Hacknocraft/SlackTextViewController.git

CHECKOUT OPTIONS:
  AppFriendsCore:
    :commit: be69d953423efc4b19694d6dbcf3572b902a1479
    :git: https://github.com/Hacknocraft/AppFriendsCore.git
  AppFriendsUI:
    :commit: 542deac3c12d1e1e6f7a6bc34eb25fcd586b3b4a
    :git: https://github.com/Hacknocraft/AppFriendsUI.git
  CoreStore:
    :commit: 2a62770552e0fb1506a6ba1b54a6f3154c7d64c0
    :git: https://github.com/JohnEstropia/CoreStore.git
  SlackTextViewController:
    :commit: 673a102a75afed0157e7a6795234736941af45ae
    :git: https://github.com/Hacknocraft/SlackTextViewController.git

SPEC CHECKSUMS:
  Alamofire: dc44b1600b800eb63da6a19039a0083d62a6a62d
  AlamofireImage: 157ed682cc81d3b9db4fb90c1f12180ac552d93b
  AppFriendsCore: 9e74be67ae4eb12d168154a1958f95c5791ccd28
  AppFriendsFloatingWidget: 20e25e57835470d8c784ecce4ae1372a5123c38b
  AppFriendsUI: dd1bf70dc585da75bda673f0bfc47f497f0d133c
  Base64: cecfb41a004124895a7bcee567a89bae5a89d49b
  Cloudinary: f80af4565ec08c521d5e58cb56d9fbe1e4595e40
  CLTokenInputView: 9dc1ffb7c9d2d81787e69a63c75bd97b0b2d1e76
  CoreStore: 8971549d69b3885cd3542c7cc6a597059635e690
  Crashlytics: 95d05f4e4c19a771250c4bd9ce344d996de32bbf
  EZSwiftExtensions: 84000042202d9fd574f626cda3064143f27fa767
  Fabric: 2fb5676bc811af011a04513451f463dac6803206
  Firebase: 052c0de688fc87b414996eea13e223dd9fee3fa2
  FirebaseAnalytics: 76f754d37ca5b04f36856729b6af3ca0152d1069
  FirebaseCore: 28def3c643989c97ea5a69ea5000f5fa9902b9fd
  FirebaseInstanceID: c4c7fca62c7b7330caee5da04f19a37ea37bb1c1
  FirebaseMessaging: 85af6c27188538b3a6f7dfd0b3b0596358cb0c39
  GoogleToolboxForMac: 8e329f1b599f2512c6b10676d45736bcc2cbbeb0
  JGProgressHUD: 1617b0940cf80bb53e8f7d6f0fd69252ea45d6d4
  JWT: cf73c0ab0dac762df3de8a3f1164352089d97780
  nanopb: 5601e6bca2dbf1ed831b519092ec110f66982ca3
  Protobuf: 03eef2ee0b674770735cf79d9c4d3659cf6908e8
  RSKImageCropper: 356e36fc58c57c371b5d8b23d603936d6a73df6c
  SlackTextViewController: fbcdadbb8090673f604484ff5b6eb8d77baed42a
  Socket.IO-Client-Swift: a2faffdbde89c63aebc5d631041530c1068b02b8

PODFILE CHECKSUM: 604920c065ea141df922050b9a3aadc6f08d1ed8

COCOAPODS: 1.3.1
