// !$*UTF8*$!
{
	archiveVersion = 1;
	classes = {
	};
	objectVersion = 46;
	objects = {

/* Begin PBXBuildFile section */
		7F82AB006A6EBB6147DEF213 /* Pods_AppFriendsChatSample.framework in Frameworks */ = {isa = PBXBuildFile; fileRef = 5BD0209DD7ABD96CEF1152CD /* Pods_AppFriendsChatSample.framework */; };
		AF19C9B91DED1EBB00180A57 /* Colors.swift in Sources */ = {isa = PBXBuildFile; fileRef = AF19C9901DED1EBB00180A57 /* Colors.swift */; };
		AF19C9CF1DED1FA000180A57 /* BaseViewController.swift in Sources */ = {isa = PBXBuildFile; fileRef = AF19C9CE1DED1FA000180A57 /* BaseViewController.swift */; };
		AF19CA171DED21A500180A57 /* LocalUsersDatabase.swift in Sources */ = {isa = PBXBuildFile; fileRef = AF19CA161DED21A500180A57 /* LocalUsersDatabase.swift */; };
		AF19CA1B1DED223600180A57 /* GoogleService-Info.plist in Resources */ = {isa = PBXBuildFile; fileRef = AF19CA1A1DED223600180A57 /* GoogleService-Info.plist */; };
		AF19CA1E1DED239200180A57 /* Mainipad.storyboard in Resources */ = {isa = PBXBuildFile; fileRef = AF19CA1C1DED239200180A57 /* Mainipad.storyboard */; };
		AF19CA201DED23FC00180A57 /* LoginViewController.swift in Sources */ = {isa = PBXBuildFile; fileRef = AF19CA1F1DED23FC00180A57 /* LoginViewController.swift */; };
		AF19CA221DED245F00180A57 /* SeedUsersViewController.swift in Sources */ = {isa = PBXBuildFile; fileRef = AF19CA211DED245F00180A57 /* SeedUsersViewController.swift */; };
		AF19CA241DED24CD00180A57 /* user_seeds.json in Resources */ = {isa = PBXBuildFile; fileRef = AF19CA231DED24CD00180A57 /* user_seeds.json */; };
		AF1A71141DCECCE100778CA8 /* AppDelegate.swift in Sources */ = {isa = PBXBuildFile; fileRef = AF1A71131DCECCE100778CA8 /* AppDelegate.swift */; };
		AF1A71191DCECCE100778CA8 /* Main.storyboard in Resources */ = {isa = PBXBuildFile; fileRef = AF1A71171DCECCE100778CA8 /* Main.storyboard */; };
		AF1A711B1DCECCE100778CA8 /* Assets.xcassets in Resources */ = {isa = PBXBuildFile; fileRef = AF1A711A1DCECCE100778CA8 /* Assets.xcassets */; };
		AF1A711E1DCECCE100778CA8 /* LaunchScreen.storyboard in Resources */ = {isa = PBXBuildFile; fileRef = AF1A711C1DCECCE100778CA8 /* LaunchScreen.storyboard */; };
		AF8034811EA03DA400803599 /* GCChatViewController.swift in Sources */ = {isa = PBXBuildFile; fileRef = AF8034671EA03DA400803599 /* GCChatViewController.swift */; };
		AF8034821EA03DA400803599 /* GCContactSelectionTableViewCell.xib in Resources */ = {isa = PBXBuildFile; fileRef = AF8034681EA03DA400803599 /* GCContactSelectionTableViewCell.xib */; };
		AF8034831EA03DA400803599 /* GCContactTableViewCell.swift in Sources */ = {isa = PBXBuildFile; fileRef = AF8034691EA03DA400803599 /* GCContactTableViewCell.swift */; };
		AF8034841EA03DA400803599 /* GCContactTableViewCell.xib in Resources */ = {isa = PBXBuildFile; fileRef = AF80346A1EA03DA400803599 /* GCContactTableViewCell.xib */; };
		AF8034851EA03DA400803599 /* GCDialogContactsPickerViewController.swift in Sources */ = {isa = PBXBuildFile; fileRef = AF80346B1EA03DA400803599 /* GCDialogContactsPickerViewController.swift */; };
		AF8034861EA03DA400803599 /* GCDialogContactsPickerViewController.xib in Resources */ = {isa = PBXBuildFile; fileRef = AF80346C1EA03DA400803599 /* GCDialogContactsPickerViewController.xib */; };
		AF8034871EA03DA400803599 /* GCDialogMembersListViewController.swift in Sources */ = {isa = PBXBuildFile; fileRef = AF80346D1EA03DA400803599 /* GCDialogMembersListViewController.swift */; };
		AF8034881EA03DA400803599 /* GCDialogMembersListViewController.xib in Resources */ = {isa = PBXBuildFile; fileRef = AF80346E1EA03DA400803599 /* GCDialogMembersListViewController.xib */; };
		AF8034891EA03DA400803599 /* GCDialogSettingViewController.swift in Sources */ = {isa = PBXBuildFile; fileRef = AF80346F1EA03DA400803599 /* GCDialogSettingViewController.swift */; };
		AF80348A1EA03DA400803599 /* GCDialogsListViewController.swift in Sources */ = {isa = PBXBuildFile; fileRef = AF8034701EA03DA400803599 /* GCDialogsListViewController.swift */; };
		AF80348B1EA03DA400803599 /* GCInfoBannerView.swift in Sources */ = {isa = PBXBuildFile; fileRef = AF8034711EA03DA400803599 /* GCInfoBannerView.swift */; };
		AF80348C1EA03DA400803599 /* GCMessageReceiptViewController.swift in Sources */ = {isa = PBXBuildFile; fileRef = AF8034721EA03DA400803599 /* GCMessageReceiptViewController.swift */; };
		AF80348D1EA03DA400803599 /* GCMessageReceiptViewController.xib in Resources */ = {isa = PBXBuildFile; fileRef = AF8034731EA03DA400803599 /* GCMessageReceiptViewController.xib */; };
		AF80348E1EA03DA400803599 /* GCReceipientBar.swift in Sources */ = {isa = PBXBuildFile; fileRef = AF8034741EA03DA400803599 /* GCReceipientBar.swift */; };
		AF80348F1EA03DA400803599 /* GCReceiptHeader.swift in Sources */ = {isa = PBXBuildFile; fileRef = AF8034751EA03DA400803599 /* GCReceiptHeader.swift */; };
		AF8034901EA03DA400803599 /* GCReceiptHeader.xib in Resources */ = {isa = PBXBuildFile; fileRef = AF8034761EA03DA400803599 /* GCReceiptHeader.xib */; };
		AF8034911EA03DA400803599 /* GCReceiptTableViewCell.swift in Sources */ = {isa = PBXBuildFile; fileRef = AF8034771EA03DA400803599 /* GCReceiptTableViewCell.swift */; };
		AF8034921EA03DA400803599 /* GCReceiptTableViewCell.xib in Resources */ = {isa = PBXBuildFile; fileRef = AF8034781EA03DA400803599 /* GCReceiptTableViewCell.xib */; };
		AF8034931EA03DA400803599 /* LiveGameViewController.swift in Sources */ = {isa = PBXBuildFile; fileRef = AF80347A1EA03DA400803599 /* LiveGameViewController.swift */; };
		AF8034941EA03DA400803599 /* ProfileViewController.swift in Sources */ = {isa = PBXBuildFile; fileRef = AF80347C1EA03DA400803599 /* ProfileViewController.swift */; };
		AF8034951EA03DA400803599 /* UserProfileTableViewCell.swift in Sources */ = {isa = PBXBuildFile; fileRef = AF80347D1EA03DA400803599 /* UserProfileTableViewCell.swift */; };
		AF8034961EA03DA400803599 /* UserProfileTableViewCell.xib in Resources */ = {isa = PBXBuildFile; fileRef = AF80347E1EA03DA400803599 /* UserProfileTableViewCell.xib */; };
		AF8034971EA03DA400803599 /* UserSearchViewController.swift in Sources */ = {isa = PBXBuildFile; fileRef = AF8034801EA03DA400803599 /* UserSearchViewController.swift */; };
/* End PBXBuildFile section */

/* Begin PBXFileReference section */
		5BD0209DD7ABD96CEF1152CD /* Pods_AppFriendsChatSample.framework */ = {isa = PBXFileReference; explicitFileType = wrapper.framework; includeInIndex = 0; path = Pods_AppFriendsChatSample.framework; sourceTree = BUILT_PRODUCTS_DIR; };
		AF19C9901DED1EBB00180A57 /* Colors.swift */ = {isa = PBXFileReference; fileEncoding = 4; lastKnownFileType = sourcecode.swift; path = Colors.swift; sourceTree = "<group>"; };
		AF19C9961DED1EBB00180A57 /* Info.plist */ = {isa = PBXFileReference; fileEncoding = 4; lastKnownFileType = text.plist.xml; path = Info.plist; sourceTree = "<group>"; };
		AF19C9CE1DED1FA000180A57 /* BaseViewController.swift */ = {isa = PBXFileReference; fileEncoding = 4; lastKnownFileType = sourcecode.swift; path = BaseViewController.swift; sourceTree = "<group>"; };
		AF19CA161DED21A500180A57 /* LocalUsersDatabase.swift */ = {isa = PBXFileReference; fileEncoding = 4; lastKnownFileType = sourcecode.swift; path = LocalUsersDatabase.swift; sourceTree = "<group>"; };
		AF19CA1A1DED223600180A57 /* GoogleService-Info.plist */ = {isa = PBXFileReference; fileEncoding = 4; lastKnownFileType = text.plist.xml; path = "GoogleService-Info.plist"; sourceTree = "<group>"; };
		AF19CA1D1DED239200180A57 /* Base */ = {isa = PBXFileReference; lastKnownFileType = file.storyboard; name = Base; path = Base.lproj/Mainipad.storyboard; sourceTree = "<group>"; };
		AF19CA1F1DED23FC00180A57 /* LoginViewController.swift */ = {isa = PBXFileReference; fileEncoding = 4; lastKnownFileType = sourcecode.swift; path = LoginViewController.swift; sourceTree = "<group>"; };
		AF19CA211DED245F00180A57 /* SeedUsersViewController.swift */ = {isa = PBXFileReference; fileEncoding = 4; lastKnownFileType = sourcecode.swift; path = SeedUsersViewController.swift; sourceTree = "<group>"; };
		AF19CA231DED24CD00180A57 /* user_seeds.json */ = {isa = PBXFileReference; fileEncoding = 4; lastKnownFileType = text.json; name = user_seeds.json; path = AppFriendsChatSample/user_seeds.json; sourceTree = "<group>"; };
		AF1A71101DCECCE100778CA8 /* AppFriendsChatSample.app */ = {isa = PBXFileReference; explicitFileType = wrapper.application; includeInIndex = 0; path = AppFriendsChatSample.app; sourceTree = BUILT_PRODUCTS_DIR; };
		AF1A71131DCECCE100778CA8 /* AppDelegate.swift */ = {isa = PBXFileReference; lastKnownFileType = sourcecode.swift; path = AppDelegate.swift; sourceTree = "<group>"; };
		AF1A71181DCECCE100778CA8 /* Base */ = {isa = PBXFileReference; lastKnownFileType = file.storyboard; name = Base; path = Base.lproj/Main.storyboard; sourceTree = "<group>"; };
		AF1A711A1DCECCE100778CA8 /* Assets.xcassets */ = {isa = PBXFileReference; lastKnownFileType = folder.assetcatalog; path = Assets.xcassets; sourceTree = "<group>"; };
		AF1A711D1DCECCE100778CA8 /* Base */ = {isa = PBXFileReference; lastKnownFileType = file.storyboard; name = Base; path = Base.lproj/LaunchScreen.storyboard; sourceTree = "<group>"; };
		AF1A711F1DCECCE100778CA8 /* Info.plist */ = {isa = PBXFileReference; lastKnownFileType = text.plist.xml; path = Info.plist; sourceTree = "<group>"; };
		AF8034671EA03DA400803599 /* GCChatViewController.swift */ = {isa = PBXFileReference; fileEncoding = 4; lastKnownFileType = sourcecode.swift; path = GCChatViewController.swift; sourceTree = "<group>"; };
		AF8034681EA03DA400803599 /* GCContactSelectionTableViewCell.xib */ = {isa = PBXFileReference; fileEncoding = 4; lastKnownFileType = file.xib; path = GCContactSelectionTableViewCell.xib; sourceTree = "<group>"; };
		AF8034691EA03DA400803599 /* GCContactTableViewCell.swift */ = {isa = PBXFileReference; fileEncoding = 4; lastKnownFileType = sourcecode.swift; path = GCContactTableViewCell.swift; sourceTree = "<group>"; };
		AF80346A1EA03DA400803599 /* GCContactTableViewCell.xib */ = {isa = PBXFileReference; fileEncoding = 4; lastKnownFileType = file.xib; path = GCContactTableViewCell.xib; sourceTree = "<group>"; };
		AF80346B1EA03DA400803599 /* GCDialogContactsPickerViewController.swift */ = {isa = PBXFileReference; fileEncoding = 4; lastKnownFileType = sourcecode.swift; path = GCDialogContactsPickerViewController.swift; sourceTree = "<group>"; };
		AF80346C1EA03DA400803599 /* GCDialogContactsPickerViewController.xib */ = {isa = PBXFileReference; fileEncoding = 4; lastKnownFileType = file.xib; path = GCDialogContactsPickerViewController.xib; sourceTree = "<group>"; };
		AF80346D1EA03DA400803599 /* GCDialogMembersListViewController.swift */ = {isa = PBXFileReference; fileEncoding = 4; lastKnownFileType = sourcecode.swift; path = GCDialogMembersListViewController.swift; sourceTree = "<group>"; };
		AF80346E1EA03DA400803599 /* GCDialogMembersListViewController.xib */ = {isa = PBXFileReference; fileEncoding = 4; lastKnownFileType = file.xib; path = GCDialogMembersListViewController.xib; sourceTree = "<group>"; };
		AF80346F1EA03DA400803599 /* GCDialogSettingViewController.swift */ = {isa = PBXFileReference; fileEncoding = 4; lastKnownFileType = sourcecode.swift; path = GCDialogSettingViewController.swift; sourceTree = "<group>"; };
		AF8034701EA03DA400803599 /* GCDialogsListViewController.swift */ = {isa = PBXFileReference; fileEncoding = 4; lastKnownFileType = sourcecode.swift; path = GCDialogsListViewController.swift; sourceTree = "<group>"; };
		AF8034711EA03DA400803599 /* GCInfoBannerView.swift */ = {isa = PBXFileReference; fileEncoding = 4; lastKnownFileType = sourcecode.swift; path = GCInfoBannerView.swift; sourceTree = "<group>"; };
		AF8034721EA03DA400803599 /* GCMessageReceiptViewController.swift */ = {isa = PBXFileReference; fileEncoding = 4; lastKnownFileType = sourcecode.swift; path = GCMessageReceiptViewController.swift; sourceTree = "<group>"; };
		AF8034731EA03DA400803599 /* GCMessageReceiptViewController.xib */ = {isa = PBXFileReference; fileEncoding = 4; lastKnownFileType = file.xib; path = GCMessageReceiptViewController.xib; sourceTree = "<group>"; };
		AF8034741EA03DA400803599 /* GCReceipientBar.swift */ = {isa = PBXFileReference; fileEncoding = 4; lastKnownFileType = sourcecode.swift; path = GCReceipientBar.swift; sourceTree = "<group>"; };
		AF8034751EA03DA400803599 /* GCReceiptHeader.swift */ = {isa = PBXFileReference; fileEncoding = 4; lastKnownFileType = sourcecode.swift; path = GCReceiptHeader.swift; sourceTree = "<group>"; };
		AF8034761EA03DA400803599 /* GCReceiptHeader.xib */ = {isa = PBXFileReference; fileEncoding = 4; lastKnownFileType = file.xib; path = GCReceiptHeader.xib; sourceTree = "<group>"; };
		AF8034771EA03DA400803599 /* GCReceiptTableViewCell.swift */ = {isa = PBXFileReference; fileEncoding = 4; lastKnownFileType = sourcecode.swift; path = GCReceiptTableViewCell.swift; sourceTree = "<group>"; };
		AF8034781EA03DA400803599 /* GCReceiptTableViewCell.xib */ = {isa = PBXFileReference; fileEncoding = 4; lastKnownFileType = file.xib; path = GCReceiptTableViewCell.xib; sourceTree = "<group>"; };
		AF80347A1EA03DA400803599 /* LiveGameViewController.swift */ = {isa = PBXFileReference; fileEncoding = 4; lastKnownFileType = sourcecode.swift; path = LiveGameViewController.swift; sourceTree = "<group>"; };
		AF80347C1EA03DA400803599 /* ProfileViewController.swift */ = {isa = PBXFileReference; fileEncoding = 4; lastKnownFileType = sourcecode.swift; path = ProfileViewController.swift; sourceTree = "<group>"; };
		AF80347D1EA03DA400803599 /* UserProfileTableViewCell.swift */ = {isa = PBXFileReference; fileEncoding = 4; lastKnownFileType = sourcecode.swift; path = UserProfileTableViewCell.swift; sourceTree = "<group>"; };
		AF80347E1EA03DA400803599 /* UserProfileTableViewCell.xib */ = {isa = PBXFileReference; fileEncoding = 4; lastKnownFileType = file.xib; path = UserProfileTableViewCell.xib; sourceTree = "<group>"; };
		AF8034801EA03DA400803599 /* UserSearchViewController.swift */ = {isa = PBXFileReference; fileEncoding = 4; lastKnownFileType = sourcecode.swift; path = UserSearchViewController.swift; sourceTree = "<group>"; };
		D0725C389F2B8027811B7B52 /* Pods-AppFriendsChatSample.debug.xcconfig */ = {isa = PBXFileReference; includeInIndex = 1; lastKnownFileType = text.xcconfig; name = "Pods-AppFriendsChatSample.debug.xcconfig"; path = "Pods/Target Support Files/Pods-AppFriendsChatSample/Pods-AppFriendsChatSample.debug.xcconfig"; sourceTree = "<group>"; };
		DE547ECE015FF9FA79484F7E /* Pods-AppFriendsChatSample.release.xcconfig */ = {isa = PBXFileReference; includeInIndex = 1; lastKnownFileType = text.xcconfig; name = "Pods-AppFriendsChatSample.release.xcconfig"; path = "Pods/Target Support Files/Pods-AppFriendsChatSample/Pods-AppFriendsChatSample.release.xcconfig"; sourceTree = "<group>"; };
/* End PBXFileReference section */

/* Begin PBXFrameworksBuildPhase section */
		AF1A710D1DCECCE100778CA8 /* Frameworks */ = {
			isa = PBXFrameworksBuildPhase;
			buildActionMask = 2147483647;
			files = (
				7F82AB006A6EBB6147DEF213 /* Pods_AppFriendsChatSample.framework in Frameworks */,
			);
			runOnlyForDeploymentPostprocessing = 0;
		};
/* End PBXFrameworksBuildPhase section */

/* Begin PBXGroup section */
		1F4AC2D78DA586209FD97243 /* Pods */ = {
			isa = PBXGroup;
			children = (
				D0725C389F2B8027811B7B52 /* Pods-AppFriendsChatSample.debug.xcconfig */,
				DE547ECE015FF9FA79484F7E /* Pods-AppFriendsChatSample.release.xcconfig */,
			);
			name = Pods;
			sourceTree = "<group>";
		};
		AF1A71071DCECCE100778CA8 = {
			isa = PBXGroup;
			children = (
				AF19CA231DED24CD00180A57 /* user_seeds.json */,
				AF1A71121DCECCE100778CA8 /* AppFriendsChatSample */,
				AF1A71111DCECCE100778CA8 /* Products */,
				1F4AC2D78DA586209FD97243 /* Pods */,
				C2C2753EB9C2D8E9CA991BCC /* Frameworks */,
			);
			sourceTree = "<group>";
		};
		AF1A71111DCECCE100778CA8 /* Products */ = {
			isa = PBXGroup;
			children = (
				AF1A71101DCECCE100778CA8 /* AppFriendsChatSample.app */,
			);
			name = Products;
			sourceTree = "<group>";
		};
		AF1A71121DCECCE100778CA8 /* AppFriendsChatSample */ = {
			isa = PBXGroup;
			children = (
				AF8034651EA03DA400803599 /* tabs */,
				AF19C9CE1DED1FA000180A57 /* BaseViewController.swift */,
				AF19CA211DED245F00180A57 /* SeedUsersViewController.swift */,
				AF19CA1F1DED23FC00180A57 /* LoginViewController.swift */,
				AF19C9901DED1EBB00180A57 /* Colors.swift */,
				AF19CA161DED21A500180A57 /* LocalUsersDatabase.swift */,
				AF1A71131DCECCE100778CA8 /* AppDelegate.swift */,
				AF1A711F1DCECCE100778CA8 /* Info.plist */,
				AF8034981EA03DCD00803599 /* resources */,
			);
			path = AppFriendsChatSample;
			sourceTree = "<group>";
		};
		AF8034651EA03DA400803599 /* tabs */ = {
			isa = PBXGroup;
			children = (
				AF8034661EA03DA400803599 /* Chat */,
				AF8034791EA03DA400803599 /* game */,
				AF80347B1EA03DA400803599 /* profile */,
				AF80347F1EA03DA400803599 /* search */,
			);
			path = tabs;
			sourceTree = "<group>";
		};
		AF8034661EA03DA400803599 /* Chat */ = {
			isa = PBXGroup;
			children = (
				AF8034671EA03DA400803599 /* GCChatViewController.swift */,
				AF8034681EA03DA400803599 /* GCContactSelectionTableViewCell.xib */,
				AF8034691EA03DA400803599 /* GCContactTableViewCell.swift */,
				AF80346A1EA03DA400803599 /* GCContactTableViewCell.xib */,
				AF80346B1EA03DA400803599 /* GCDialogContactsPickerViewController.swift */,
				AF80346C1EA03DA400803599 /* GCDialogContactsPickerViewController.xib */,
				AF80346D1EA03DA400803599 /* GCDialogMembersListViewController.swift */,
				AF80346E1EA03DA400803599 /* GCDialogMembersListViewController.xib */,
				AF80346F1EA03DA400803599 /* GCDialogSettingViewController.swift */,
				AF8034701EA03DA400803599 /* GCDialogsListViewController.swift */,
				AF8034711EA03DA400803599 /* GCInfoBannerView.swift */,
				AF8034721EA03DA400803599 /* GCMessageReceiptViewController.swift */,
				AF8034731EA03DA400803599 /* GCMessageReceiptViewController.xib */,
				AF8034741EA03DA400803599 /* GCReceipientBar.swift */,
				AF8034751EA03DA400803599 /* GCReceiptHeader.swift */,
				AF8034761EA03DA400803599 /* GCReceiptHeader.xib */,
				AF8034771EA03DA400803599 /* GCReceiptTableViewCell.swift */,
				AF8034781EA03DA400803599 /* GCReceiptTableViewCell.xib */,
			);
			path = Chat;
			sourceTree = "<group>";
		};
		AF8034791EA03DA400803599 /* game */ = {
			isa = PBXGroup;
			children = (
				AF80347A1EA03DA400803599 /* LiveGameViewController.swift */,
			);
			path = game;
			sourceTree = "<group>";
		};
		AF80347B1EA03DA400803599 /* profile */ = {
			isa = PBXGroup;
			children = (
				AF80347C1EA03DA400803599 /* ProfileViewController.swift */,
				AF80347D1EA03DA400803599 /* UserProfileTableViewCell.swift */,
				AF80347E1EA03DA400803599 /* UserProfileTableViewCell.xib */,
			);
			path = profile;
			sourceTree = "<group>";
		};
		AF80347F1EA03DA400803599 /* search */ = {
			isa = PBXGroup;
			children = (
				AF8034801EA03DA400803599 /* UserSearchViewController.swift */,
			);
			path = search;
			sourceTree = "<group>";
		};
		AF8034981EA03DCD00803599 /* resources */ = {
			isa = PBXGroup;
			children = (
				AF1A71171DCECCE100778CA8 /* Main.storyboard */,
				AF19CA1C1DED239200180A57 /* Mainipad.storyboard */,
				AF19C9961DED1EBB00180A57 /* Info.plist */,
				AF19CA1A1DED223600180A57 /* GoogleService-Info.plist */,
				AF1A711A1DCECCE100778CA8 /* Assets.xcassets */,
				AF1A711C1DCECCE100778CA8 /* LaunchScreen.storyboard */,
			);
			name = resources;
			sourceTree = "<group>";
		};
		C2C2753EB9C2D8E9CA991BCC /* Frameworks */ = {
			isa = PBXGroup;
			children = (
				5BD0209DD7ABD96CEF1152CD /* Pods_AppFriendsChatSample.framework */,
			);
			name = Frameworks;
			sourceTree = "<group>";
		};
/* End PBXGroup section */

/* Begin PBXNativeTarget section */
		AF1A710F1DCECCE100778CA8 /* AppFriendsChatSample */ = {
			isa = PBXNativeTarget;
			buildConfigurationList = AF1A71221DCECCE100778CA8 /* Build configuration list for PBXNativeTarget "AppFriendsChatSample" */;
			buildPhases = (
				8260D0F10AED25134CEF2BE5 /* [CP] Check Pods Manifest.lock */,
				AF1A710C1DCECCE100778CA8 /* Sources */,
				AF1A710D1DCECCE100778CA8 /* Frameworks */,
				AF1A710E1DCECCE100778CA8 /* Resources */,
				A0EC75EA0D110C3375C4A6E3 /* [CP] Embed Pods Frameworks */,
				2AEE97CF1C9CD6B501518034 /* [CP] Copy Pods Resources */,
			);
			buildRules = (
			);
			dependencies = (
			);
			name = AppFriendsChatSample;
			productName = AppFriendsChatSample;
			productReference = AF1A71101DCECCE100778CA8 /* AppFriendsChatSample.app */;
			productType = "com.apple.product-type.application";
		};
/* End PBXNativeTarget section */

/* Begin PBXProject section */
		AF1A71081DCECCE100778CA8 /* Project object */ = {
			isa = PBXProject;
			attributes = {
				LastSwiftUpdateCheck = 0800;
				LastUpgradeCheck = 0830;
				ORGANIZATIONNAME = hacknocraft;
				TargetAttributes = {
					AF1A710F1DCECCE100778CA8 = {
						CreatedOnToolsVersion = 8.0;
						DevelopmentTeam = BL6PZ96S5P;
						LastSwiftMigration = 0800;
						ProvisioningStyle = Automatic;
					};
				};
			};
			buildConfigurationList = AF1A710B1DCECCE100778CA8 /* Build configuration list for PBXProject "AppFriendsChatSample" */;
			compatibilityVersion = "Xcode 3.2";
			developmentRegion = English;
			hasScannedForEncodings = 0;
			knownRegions = (
				en,
				Base,
			);
			mainGroup = AF1A71071DCECCE100778CA8;
			productRefGroup = AF1A71111DCECCE100778CA8 /* Products */;
			projectDirPath = "";
			projectRoot = "";
			targets = (
				AF1A710F1DCECCE100778CA8 /* AppFriendsChatSample */,
			);
		};
/* End PBXProject section */

/* Begin PBXResourcesBuildPhase section */
		AF1A710E1DCECCE100778CA8 /* Resources */ = {
			isa = PBXResourcesBuildPhase;
			buildActionMask = 2147483647;
			files = (
				AF1A711E1DCECCE100778CA8 /* LaunchScreen.storyboard in Resources */,
				AF8034861EA03DA400803599 /* GCDialogContactsPickerViewController.xib in Resources */,
				AF19CA241DED24CD00180A57 /* user_seeds.json in Resources */,
				AF8034841EA03DA400803599 /* GCContactTableViewCell.xib in Resources */,
				AF1A711B1DCECCE100778CA8 /* Assets.xcassets in Resources */,
				AF8034821EA03DA400803599 /* GCContactSelectionTableViewCell.xib in Resources */,
				AF8034921EA03DA400803599 /* GCReceiptTableViewCell.xib in Resources */,
				AF19CA1E1DED239200180A57 /* Mainipad.storyboard in Resources */,
				AF8034901EA03DA400803599 /* GCReceiptHeader.xib in Resources */,
				AF8034961EA03DA400803599 /* UserProfileTableViewCell.xib in Resources */,
				AF19CA1B1DED223600180A57 /* GoogleService-Info.plist in Resources */,
				AF80348D1EA03DA400803599 /* GCMessageReceiptViewController.xib in Resources */,
				AF1A71191DCECCE100778CA8 /* Main.storyboard in Resources */,
				AF8034881EA03DA400803599 /* GCDialogMembersListViewController.xib in Resources */,
			);
			runOnlyForDeploymentPostprocessing = 0;
		};
/* End PBXResourcesBuildPhase section */

/* Begin PBXShellScriptBuildPhase section */
		2AEE97CF1C9CD6B501518034 /* [CP] Copy Pods Resources */ = {
			isa = PBXShellScriptBuildPhase;
			buildActionMask = 2147483647;
			files = (
			);
			inputPaths = (
			);
			name = "[CP] Copy Pods Resources";
			outputPaths = (
			);
			runOnlyForDeploymentPostprocessing = 0;
			shellPath = /bin/sh;
			shellScript = "\"${SRCROOT}/Pods/Target Support Files/Pods-AppFriendsChatSample/Pods-AppFriendsChatSample-resources.sh\"\n";
			showEnvVarsInLog = 0;
		};
		8260D0F10AED25134CEF2BE5 /* [CP] Check Pods Manifest.lock */ = {
			isa = PBXShellScriptBuildPhase;
			buildActionMask = 2147483647;
			files = (
			);
			inputPaths = (
			);
			name = "[CP] Check Pods Manifest.lock";
			outputPaths = (
			);
			runOnlyForDeploymentPostprocessing = 0;
			shellPath = /bin/sh;
			shellScript = "diff \"${PODS_PODFILE_DIR_PATH}/Podfile.lock\" \"${PODS_ROOT}/Manifest.lock\" > /dev/null\nif [ $? != 0 ] ; then\n    # print error to STDERR\n    echo \"error: The sandbox is not in sync with the Podfile.lock. Run 'pod install' or update your CocoaPods installation.\" >&2\n    exit 1\nfi\n";
			showEnvVarsInLog = 0;
		};
		A0EC75EA0D110C3375C4A6E3 /* [CP] Embed Pods Frameworks */ = {
			isa = PBXShellScriptBuildPhase;
			buildActionMask = 2147483647;
			files = (
			);
			inputPaths = (
			);
			name = "[CP] Embed Pods Frameworks";
			outputPaths = (
			);
			runOnlyForDeploymentPostprocessing = 0;
			shellPath = /bin/sh;
			shellScript = "\"${SRCROOT}/Pods/Target Support Files/Pods-AppFriendsChatSample/Pods-AppFriendsChatSample-frameworks.sh\"\n";
			showEnvVarsInLog = 0;
		};
/* End PBXShellScriptBuildPhase section */

/* Begin PBXSourcesBuildPhase section */
		AF1A710C1DCECCE100778CA8 /* Sources */ = {
			isa = PBXSourcesBuildPhase;
			buildActionMask = 2147483647;
			files = (
				AF8034871EA03DA400803599 /* GCDialogMembersListViewController.swift in Sources */,
				AF8034831EA03DA400803599 /* GCContactTableViewCell.swift in Sources */,
				AF8034851EA03DA400803599 /* GCDialogContactsPickerViewController.swift in Sources */,
				AF8034911EA03DA400803599 /* GCReceiptTableViewCell.swift in Sources */,
				AF8034951EA03DA400803599 /* UserProfileTableViewCell.swift in Sources */,
				AF8034811EA03DA400803599 /* GCChatViewController.swift in Sources */,
				AF80348A1EA03DA400803599 /* GCDialogsListViewController.swift in Sources */,
				AF19C9CF1DED1FA000180A57 /* BaseViewController.swift in Sources */,
				AF80348E1EA03DA400803599 /* GCReceipientBar.swift in Sources */,
				AF19C9B91DED1EBB00180A57 /* Colors.swift in Sources */,
				AF8034941EA03DA400803599 /* ProfileViewController.swift in Sources */,
				AF80348B1EA03DA400803599 /* GCInfoBannerView.swift in Sources */,
				AF8034891EA03DA400803599 /* GCDialogSettingViewController.swift in Sources */,
				AF80348C1EA03DA400803599 /* GCMessageReceiptViewController.swift in Sources */,
				AF19CA201DED23FC00180A57 /* LoginViewController.swift in Sources */,
				AF19CA171DED21A500180A57 /* LocalUsersDatabase.swift in Sources */,
				AF8034971EA03DA400803599 /* UserSearchViewController.swift in Sources */,
				AF19CA221DED245F00180A57 /* SeedUsersViewController.swift in Sources */,
				AF1A71141DCECCE100778CA8 /* AppDelegate.swift in Sources */,
				AF8034931EA03DA400803599 /* LiveGameViewController.swift in Sources */,
				AF80348F1EA03DA400803599 /* GCReceiptHeader.swift in Sources */,
			);
			runOnlyForDeploymentPostprocessing = 0;
		};
/* End PBXSourcesBuildPhase section */

/* Begin PBXVariantGroup section */
		AF19CA1C1DED239200180A57 /* Mainipad.storyboard */ = {
			isa = PBXVariantGroup;
			children = (
				AF19CA1D1DED239200180A57 /* Base */,
			);
			name = Mainipad.storyboard;
			sourceTree = "<group>";
		};
		AF1A71171DCECCE100778CA8 /* Main.storyboard */ = {
			isa = PBXVariantGroup;
			children = (
				AF1A71181DCECCE100778CA8 /* Base */,
			);
			name = Main.storyboard;
			sourceTree = "<group>";
		};
		AF1A711C1DCECCE100778CA8 /* LaunchScreen.storyboard */ = {
			isa = PBXVariantGroup;
			children = (
				AF1A711D1DCECCE100778CA8 /* Base */,
			);
			name = LaunchScreen.storyboard;
			sourceTree = "<group>";
		};
/* End PBXVariantGroup section */

/* Begin XCBuildConfiguration section */
		AF1A71201DCECCE100778CA8 /* Debug */ = {
			isa = XCBuildConfiguration;
			buildSettings = {
				ALWAYS_SEARCH_USER_PATHS = NO;
				CLANG_ANALYZER_NONNULL = YES;
				CLANG_CXX_LANGUAGE_STANDARD = "gnu++0x";
				CLANG_CXX_LIBRARY = "libc++";
				CLANG_ENABLE_MODULES = YES;
				CLANG_ENABLE_OBJC_ARC = YES;
				CLANG_WARN_BOOL_CONVERSION = YES;
				CLANG_WARN_CONSTANT_CONVERSION = YES;
				CLANG_WARN_DIRECT_OBJC_ISA_USAGE = YES_ERROR;
				CLANG_WARN_DOCUMENTATION_COMMENTS = YES;
				CLANG_WARN_EMPTY_BODY = YES;
				CLANG_WARN_ENUM_CONVERSION = YES;
				CLANG_WARN_INFINITE_RECURSION = YES;
				CLANG_WARN_INT_CONVERSION = YES;
				CLANG_WARN_OBJC_ROOT_CLASS = YES_ERROR;
				CLANG_WARN_SUSPICIOUS_MOVE = YES;
				CLANG_WARN_SUSPICIOUS_MOVES = YES;
				CLANG_WARN_UNREACHABLE_CODE = YES;
				CLANG_WARN__DUPLICATE_METHOD_MATCH = YES;
				"CODE_SIGN_IDENTITY[sdk=iphoneos*]" = "iPhone Developer";
				COPY_PHASE_STRIP = NO;
				DEBUG_INFORMATION_FORMAT = dwarf;
				ENABLE_STRICT_OBJC_MSGSEND = YES;
				ENABLE_TESTABILITY = YES;
				GCC_C_LANGUAGE_STANDARD = gnu99;
				GCC_DYNAMIC_NO_PIC = NO;
				GCC_NO_COMMON_BLOCKS = YES;
				GCC_OPTIMIZATION_LEVEL = 0;
				GCC_PREPROCESSOR_DEFINITIONS = (
					"DEBUG=1",
					"$(inherited)",
				);
				GCC_WARN_64_TO_32_BIT_CONVERSION = YES;
				GCC_WARN_ABOUT_RETURN_TYPE = YES_ERROR;
				GCC_WARN_UNDECLARED_SELECTOR = YES;
				GCC_WARN_UNINITIALIZED_AUTOS = YES_AGGRESSIVE;
				GCC_WARN_UNUSED_FUNCTION = YES;
				GCC_WARN_UNUSED_VARIABLE = YES;
				IPHONEOS_DEPLOYMENT_TARGET = 10.0;
				MTL_ENABLE_DEBUG_INFO = YES;
				ONLY_ACTIVE_ARCH = YES;
				SDKROOT = iphoneos;
				SWIFT_ACTIVE_COMPILATION_CONDITIONS = DEBUG;
				SWIFT_OPTIMIZATION_LEVEL = "-Onone";
			};
			name = Debug;
		};
		AF1A71211DCECCE100778CA8 /* Release */ = {
			isa = XCBuildConfiguration;
			buildSettings = {
				ALWAYS_SEARCH_USER_PATHS = NO;
				CLANG_ANALYZER_NONNULL = YES;
				CLANG_CXX_LANGUAGE_STANDARD = "gnu++0x";
				CLANG_CXX_LIBRARY = "libc++";
				CLANG_ENABLE_MODULES = YES;
				CLANG_ENABLE_OBJC_ARC = YES;
				CLANG_WARN_BOOL_CONVERSION = YES;
				CLANG_WARN_CONSTANT_CONVERSION = YES;
				CLANG_WARN_DIRECT_OBJC_ISA_USAGE = YES_ERROR;
				CLANG_WARN_DOCUMENTATION_COMMENTS = YES;
				CLANG_WARN_EMPTY_BODY = YES;
				CLANG_WARN_ENUM_CONVERSION = YES;
				CLANG_WARN_INFINITE_RECURSION = YES;
				CLANG_WARN_INT_CONVERSION = YES;
				CLANG_WARN_OBJC_ROOT_CLASS = YES_ERROR;
				CLANG_WARN_SUSPICIOUS_MOVE = YES;
				CLANG_WARN_SUSPICIOUS_MOVES = YES;
				CLANG_WARN_UNREACHABLE_CODE = YES;
				CLANG_WARN__DUPLICATE_METHOD_MATCH = YES;
				"CODE_SIGN_IDENTITY[sdk=iphoneos*]" = "iPhone Developer";
				COPY_PHASE_STRIP = NO;
				DEBUG_INFORMATION_FORMAT = "dwarf-with-dsym";
				ENABLE_NS_ASSERTIONS = NO;
				ENABLE_STRICT_OBJC_MSGSEND = YES;
				GCC_C_LANGUAGE_STANDARD = gnu99;
				GCC_NO_COMMON_BLOCKS = YES;
				GCC_WARN_64_TO_32_BIT_CONVERSION = YES;
				GCC_WARN_ABOUT_RETURN_TYPE = YES_ERROR;
				GCC_WARN_UNDECLARED_SELECTOR = YES;
				GCC_WARN_UNINITIALIZED_AUTOS = YES_AGGRESSIVE;
				GCC_WARN_UNUSED_FUNCTION = YES;
				GCC_WARN_UNUSED_VARIABLE = YES;
				IPHONEOS_DEPLOYMENT_TARGET = 10.0;
				MTL_ENABLE_DEBUG_INFO = NO;
				SDKROOT = iphoneos;
				SWIFT_OPTIMIZATION_LEVEL = "-Owholemodule";
				VALIDATE_PRODUCT = YES;
			};
			name = Release;
		};
		AF1A71231DCECCE100778CA8 /* Debug */ = {
			isa = XCBuildConfiguration;
			baseConfigurationReference = D0725C389F2B8027811B7B52 /* Pods-AppFriendsChatSample.debug.xcconfig */;
			buildSettings = {
				ALWAYS_EMBED_SWIFT_STANDARD_LIBRARIES = YES;
				ASSETCATALOG_COMPILER_APPICON_NAME = AppIcon;
				DEVELOPMENT_TEAM = BL6PZ96S5P;
				INFOPLIST_FILE = AppFriendsChatSample/Info.plist;
				IPHONEOS_DEPLOYMENT_TARGET = 9.0;
				LD_RUNPATH_SEARCH_PATHS = "$(inherited) @executable_path/Frameworks";
				PRODUCT_BUNDLE_IDENTIFIER = com.hacknocraft.AppFriendsChatSample;
				PRODUCT_NAME = "$(TARGET_NAME)";
				SWIFT_VERSION = 3.0;
			};
			name = Debug;
		};
		AF1A71241DCECCE100778CA8 /* Release */ = {
			isa = XCBuildConfiguration;
			baseConfigurationReference = DE547ECE015FF9FA79484F7E /* Pods-AppFriendsChatSample.release.xcconfig */;
			buildSettings = {
				ALWAYS_EMBED_SWIFT_STANDARD_LIBRARIES = YES;
				ASSETCATALOG_COMPILER_APPICON_NAME = AppIcon;
				DEVELOPMENT_TEAM = BL6PZ96S5P;
				INFOPLIST_FILE = AppFriendsChatSample/Info.plist;
				IPHONEOS_DEPLOYMENT_TARGET = 9.0;
				LD_RUNPATH_SEARCH_PATHS = "$(inherited) @executable_path/Frameworks";
				PRODUCT_BUNDLE_IDENTIFIER = com.hacknocraft.AppFriendsChatSample;
				PRODUCT_NAME = "$(TARGET_NAME)";
				SWIFT_VERSION = 3.0;
			};
			name = Release;
		};
/* End XCBuildConfiguration section */

/* Begin XCConfigurationList section */
		AF1A710B1DCECCE100778CA8 /* Build configuration list for PBXProject "AppFriendsChatSample" */ = {
			isa = XCConfigurationList;
			buildConfigurations = (
				AF1A71201DCECCE100778CA8 /* Debug */,
				AF1A71211DCECCE100778CA8 /* Release */,
			);
			defaultConfigurationIsVisible = 0;
			defaultConfigurationName = Release;
		};
		AF1A71221DCECCE100778CA8 /* Build configuration list for PBXNativeTarget "AppFriendsChatSample" */ = {
			isa = XCConfigurationList;
			buildConfigurations = (
				AF1A71231DCECCE100778CA8 /* Debug */,
				AF1A71241DCECCE100778CA8 /* Release */,
			);
			defaultConfigurationIsVisible = 0;
			defaultConfigurationName = Release;
		};
/* End XCConfigurationList section */
	};
	rootObject = AF1A71081DCECCE100778CA8 /* Project object */;
}
